
Microsoft Visual Studio Solution File, Format Version 12.00
# Visual Studio Version 17
VisualStudioVersion = 17.13.35828.75 d17.13
MinimumVisualStudioVersion = 10.0.40219.1
Project("{FAE04EC0-301F-11D3-BF4B-00C04F79EFBC}") = "UILogin", "UILogin.csproj", "{B344DC67-05AF-450C-A480-D07BE0C9309D}"
EndProject
Global
	GlobalSection(SolutionConfigurationPlatforms) = preSolution
		Debug|Any CPU = Debug|Any CPU
		Release|Any CPU = Release|Any CPU
	EndGlobalSection
	GlobalSection(ProjectConfigurationPlatforms) = postSolution
		{B344DC67-05AF-450C-A480-D07BE0C9309D}.Debug|Any CPU.ActiveCfg = Debug|Any CPU
		{B344DC67-05AF-450C-A480-D07BE0C9309D}.Debug|Any CPU.Build.0 = Debug|Any CPU
		{B344DC67-05AF-450C-A480-D07BE0C9309D}.Release|Any CPU.ActiveCfg = Release|Any CPU
		{B344DC67-05AF-450C-A480-D07BE0C9309D}.Release|Any CPU.Build.0 = Release|Any CPU
	EndGlobalSection
	GlobalSection(SolutionProperties) = preSolution
		HideSolutionNode = FALSE
	EndGlobalSection
	GlobalSection(ExtensibilityGlobals) = postSolution
		SolutionGuid = {1A2D6AE5-1E52-404A-AD26-79E6A34D04AD}
	EndGlobalSection
EndGlobal
